{
  "nodes": {
    "circt-nix": {
      "inputs": {
        "circt-src": [
          "circt-src"
        ],
        "flake-compat": "flake-compat",
        "flake-utils": "flake-utils",
        "llvm-submodule-src": [
          "llvm-src"
        ],
        "nixpkgs": "nixpkgs",
        "slang-src": "slang-src"
      },
      "locked": {
        "lastModified": 1779370424,
        "narHash": "sha256-q0FpuqQ9lLH5tGE2DffPzqisx4y7iuHuwq79HbhByS4=",
        "owner": "xinpian-tech",
        "repo": "circt-nix",
        "rev": "8e8c00adc52d19be0acc302b19c7e0a58065d90c",
        "type": "github"
      },
      "original": {
        "owner": "xinpian-tech",
        "repo": "circt-nix",
        "type": "github"
      }
    },
    "circt-src": {
      "flake": false,
      "locked": {
        "lastModified": 1784242398,
        "narHash": "sha256-NocCJTQbxRAo3SfMa7e1z94WIJdL5DoZZ7GfqmFKVo0=",
        "owner": "llvm",
        "repo": "circt",
        "rev": "27622798bd566646effbc07974500b6a669f4993",
        "type": "github"
      },
      "original": {
        "owner": "llvm",
        "repo": "circt",
        "rev": "27622798bd566646effbc07974500b6a669f4993",
        "type": "github"
      }
    },
    "cli11-src": {
      "flake": false,
      "locked": {
        "lastModified": 1740659131,
        "narHash": "sha256-73dfpZDnKl0cADM4LTP3/eDFhwCdiHbEaGRF7ZyWsdQ=",
        "owner": "CLIUtils",
        "repo": "CLI11",
        "rev": "4160d259d961cd393fd8d67590a8c7d210207348",
        "type": "github"
      },
      "original": {
        "owner": "CLIUtils",
        "ref": "v2.5.0",
        "repo": "CLI11",
        "type": "github"
      }
    },
    "flake-compat": {
      "flake": false,
      "locked": {
        "lastModified": 1767039857,
        "narHash": "sha256-vNpUSpF5Nuw8xvDLj2KCwwksIbjua2LZCqhV1LNRDns=",
        "owner": "edolstra",
        "repo": "flake-compat",
        "rev": "5edf11c44bc78a0d334f6334cdaf7d60d732daab",
        "type": "github"
      },
      "original": {
        "owner": "edolstra",
        "repo": "flake-compat",
        "type": "github"
      }
    },
    "flake-utils": {
      "inputs": {
        "systems": "systems"
      },
      "locked": {
        "lastModified": 1731533236,
        "narHash": "sha256-l0KFg5HjrsfsO/JpG+r7fRrqm12kzFHyUHqHCVpMMbI=",
        "owner": "numtide",
        "repo": "flake-utils",
        "rev": "11707dc2f618dd54ca8739b309ec4fc024de578b",
        "type": "github"
      },
      "original": {
        "owner": "numtide",
        "repo": "flake-utils",
        "type": "github"
      }
    },
    "fmt-src": {
      "flake": false,
      "locked": {
        "lastModified": 1740593668,
        "narHash": "sha256-sUbxlYi/Aupaox3JjWFqXIjcaQa0LFjclQAOleT+FRA=",
        "owner": "fmtlib",
        "repo": "fmt",
        "rev": "123913715afeb8a437e6388b4473fcc4753e1c9a",
        "type": "github"
      },
      "original": {
        "owner": "fmtlib",
        "ref": "11.1.4",
        "repo": "fmt",
        "type": "github"
      }
    },
    "googletest-src": {
      "flake": false,
      "locked": {
        "lastModified": 1722432886,
        "narHash": "sha256-1OJ2SeSscRBNr7zZ/a8bJGIqAnhkg45re0j3DtPfcXM=",
        "owner": "google",
        "repo": "googletest",
        "rev": "b514bdc898e2951020cbdca1304b75f5950d1f59",
        "type": "github"
      },
      "original": {
        "owner": "google",
        "ref": "v1.15.2",
        "repo": "googletest",
        "type": "github"
      }
    },
    "ixwebsocket-src": {
      "flake": false,
      "locked": {
        "lastModified": 1778618314,
        "narHash": "sha256-nzkz/18q2h+/CcjMYVo2XmkUp5/50oakdGsWxp4KKHM=",
        "owner": "machinezone",
        "repo": "IXWebSocket",
        "rev": "173f442474c4d9db16184c5e15cc96e07605e0e0",
        "type": "github"
      },
      "original": {
        "owner": "machinezone",
        "repo": "IXWebSocket",
        "rev": "173f442474c4d9db16184c5e15cc96e07605e0e0",
        "type": "github"
      }
    },
    "llvm-src": {
      "flake": false,
      "locked": {
        "lastModified": 1781820214,
        "narHash": "sha256-1hZOr9QkQ73VBocgcldg3x9ZEGjAqXbP/6j0hQal8b8=",
        "owner": "llvm",
        "repo": "llvm-project",
        "rev": "040a641988f6ed6f4fab250706ca2b620c1de2d8",
        "type": "github"
      },
      "original": {
        "owner": "llvm",
        "repo": "llvm-project",
        "rev": "040a641988f6ed6f4fab250706ca2b620c1de2d8",
        "type": "github"
      }
    },
    "nixpkgs": {
      "locked": {
        "lastModified": 1773755184,
        "narHash": "sha256-4yQ8tz7MA9uDcZCJr59dexXyTz4NpQGnmSs4gyeALO8=",
        "owner": "NixOS",
        "repo": "nixpkgs",
        "rev": "6fd329b2adfecb86ae49c1cba89689bd0f229e04",
        "type": "github"
      },
      "original": {
        "owner": "NixOS",
        "ref": "master",
        "repo": "nixpkgs",
        "type": "github"
      }
    },
    "nlohmann-json-src": {
      "flake": false,
      "locked": {
        "lastModified": 1701207391,
        "narHash": "sha256-7F0Jon+1oWL7uqet5i1IgHX0fUw/+z0QwEcA3zs5xHg=",
        "owner": "nlohmann",
        "repo": "json",
        "rev": "9cca280a4d0ccf0c08f47a99aa71d1b0e52f8d03",
        "type": "github"
      },
      "original": {
        "owner": "nlohmann",
        "ref": "v3.11.3",
        "repo": "json",
        "type": "github"
      }
    },
    "root": {
      "inputs": {
        "circt-nix": "circt-nix",
        "circt-src": "circt-src",
        "cli11-src": "cli11-src",
        "fmt-src": "fmt-src",
        "googletest-src": "googletest-src",
        "ixwebsocket-src": "ixwebsocket-src",
        "llvm-src": "llvm-src",
        "nixpkgs": [
          "circt-nix",
          "nixpkgs"
        ],
        "nlohmann-json-src": "nlohmann-json-src",
        "slang-src": "slang-src_2",
        "zlib-src": "zlib-src"
      }
    },
    "slang-src": {
      "flake": false,
      "locked": {
        "lastModified": 1768519121,
        "narHash": "sha256-rw+DztENuY+DiAhQR2oNN/dQJzrcP5neF3LoWnqri+c=",
        "owner": "MikePopoloski",
        "repo": "slang",
        "rev": "ace09c5d7c9f4e28eed654d2f353c6dc792ebf67",
        "type": "github"
      },
      "original": {
        "owner": "MikePopoloski",
        "ref": "v10.0",
        "repo": "slang",
        "type": "github"
      }
    },
    "slang-src_2": {
      "flake": false,
      "locked": {
        "lastModified": 1781906659,
        "narHash": "sha256-tKse5rV5kHZmCOb8Zb8k4bOw4wN3pDfY5exdpva57bU=",
        "owner": "MikePopoloski",
        "repo": "slang",
        "rev": "44dc55f99b9c64971893013e7931e643fbedcf23",
        "type": "github"
      },
      "original": {
        "owner": "MikePopoloski",
        "repo": "slang",
        "rev": "44dc55f99b9c64971893013e7931e643fbedcf23",
        "type": "github"
      }
    },
    "systems": {
      "locked": {
        "lastModified": 1681028828,
        "narHash": "sha256-Vy1rq5AaRuLzOxct8nz4T6wlgyUR7zLU309k9mBC768=",
        "owner": "nix-systems",
        "repo": "default",
        "rev": "da67096a3b9bf56a91d16901293e51ba5b49a27e",
        "type": "github"
      },
      "original": {
        "owner": "nix-systems",
        "repo": "default",
        "type": "github"
      }
    },
    "zlib-src": {
      "flake": false,
      "locked": {
        "lastModified": 1739919615,
        "narHash": "sha256-L/gubPuMLJ1nq+AVZdwhcv6mkgBYzKJ6ncoYM93LvJ0=",
        "owner": "madler",
        "repo": "zlib",
        "rev": "5a82f71ed1dfc0bec044d9702463dbdf84ea3b71",
        "type": "github"
      },
      "original": {
        "owner": "madler",
        "repo": "zlib",
        "rev": "5a82f71ed1dfc0bec044d9702463dbdf84ea3b71",
        "type": "github"
      }
    }
  },
  "root": "root",
  "version": 7
}
